// !$*UTF8*$!
{
	archiveVersion = 1;
	classes = {
	};
	objectVersion = 55;
	objects = {

/* Begin PBXBuildFile section */
		84262FA228CF4A5B0065E6D0 /* AppDelegate.swift in Sources */ = {isa = PBXBuildFile; fileRef = 84262FA128CF4A5B0065E6D0 /* AppDelegate.swift */; };
		84262FA428CF4A5B0065E6D0 /* SceneDelegate.swift in Sources */ = {isa = PBXBuildFile; fileRef = 84262FA328CF4A5B0065E6D0 /* SceneDelegate.swift */; };
		84262FA628CF4A5B0065E6D0 /* InputPhoneViewController.swift in Sources */ = {isa = PBXBuildFile; fileRef = 84262FA528CF4A5B0065E6D0 /* InputPhoneViewController.swift */; };
		84262FA928CF4A5B0065E6D0 /* Main.storyboard in Resources */ = {isa = PBXBuildFile; fileRef = 84262FA728CF4A5B0065E6D0 /* Main.storyboard */; };
		84262FAB28CF4A5D0065E6D0 /* Assets.xcassets in Resources */ = {isa = PBXBuildFile; fileRef = 84262FAA28CF4A5D0065E6D0 /* Assets.xcassets */; };
		84262FAE28CF4A5D0065E6D0 /* LaunchScreen.storyboard in Resources */ = {isa = PBXBuildFile; fileRef = 84262FAC28CF4A5D0065E6D0 /* LaunchScreen.storyboard */; };
		84262FB728CF64C70065E6D0 /* ValidatePhoneViewController.swift in Sources */ = {isa = PBXBuildFile; fileRef = 84262FB628CF64C70065E6D0 /* ValidatePhoneViewController.swift */; };
		84262FB928CF7F9A0065E6D0 /* SearchViewController.swift in Sources */ = {isa = PBXBuildFile; fileRef = 84262FB828CF7F9A0065E6D0 /* SearchViewController.swift */; };
		84262FBC28CF80AD0065E6D0 /* NetworkManager.swift in Sources */ = {isa = PBXBuildFile; fileRef = 84262FBB28CF80AD0065E6D0 /* NetworkManager.swift */; };
		84262FBE28CF83D90065E6D0 /* Model.swift in Sources */ = {isa = PBXBuildFile; fileRef = 84262FBD28CF83D90065E6D0 /* Model.swift */; };
		84262FC028D08AD90065E6D0 /* ApiResponse.swift in Sources */ = {isa = PBXBuildFile; fileRef = 84262FBF28D08AD90065E6D0 /* ApiResponse.swift */; };
		84262FC328D0CC0D0065E6D0 /* UserDefaults+Extension.swift in Sources */ = {isa = PBXBuildFile; fileRef = 84262FC228D0CC0D0065E6D0 /* UserDefaults+Extension.swift */; };
		84262FC528D0D38C0065E6D0 /* UIViewController+Extension.swift in Sources */ = {isa = PBXBuildFile; fileRef = 84262FC428D0D38C0065E6D0 /* UIViewController+Extension.swift */; };
/* End PBXBuildFile section */

/* Begin PBXFileReference section */
		84262F9E28CF4A5B0065E6D0 /* utCoin.app */ = {isa = PBXFileReference; explicitFileType = wrapper.application; includeInIndex = 0; path = utCoin.app; sourceTree = BUILT_PRODUCTS_DIR; };
		84262FA128CF4A5B0065E6D0 /* AppDelegate.swift */ = {isa = PBXFileReference; lastKnownFileType = sourcecode.swift; path = AppDelegate.swift; sourceTree = "<group>"; };
		84262FA328CF4A5B0065E6D0 /* SceneDelegate.swift */ = {isa = PBXFileReference; lastKnownFileType = sourcecode.swift; path = SceneDelegate.swift; sourceTree = "<group>"; };
		84262FA528CF4A5B0065E6D0 /* InputPhoneViewController.swift */ = {isa = PBXFileReference; lastKnownFileType = sourcecode.swift; path = InputPhoneViewController.swift; sourceTree = "<group>"; };
		84262FA828CF4A5B0065E6D0 /* Base */ = {isa = PBXFileReference; lastKnownFileType = file.storyboard; name = Base; path = Base.lproj/Main.storyboard; sourceTree = "<group>"; };
		84262FAA28CF4A5D0065E6D0 /* Assets.xcassets */ = {isa = PBXFileReference; lastKnownFileType = folder.assetcatalog; path = Assets.xcassets; sourceTree = "<group>"; };
		84262FAD28CF4A5D0065E6D0 /* Base */ = {isa = PBXFileReference; lastKnownFileType = file.storyboard; name = Base; path = Base.lproj/LaunchScreen.storyboard; sourceTree = "<group>"; };
		84262FAF28CF4A5D0065E6D0 /* Info.plist */ = {isa = PBXFileReference; lastKnownFileType = text.plist.xml; path = Info.plist; sourceTree = "<group>"; };
		84262FB628CF64C70065E6D0 /* ValidatePhoneViewController.swift */ = {isa = PBXFileReference; lastKnownFileType = sourcecode.swift; path = ValidatePhoneViewController.swift; sourceTree = "<group>"; };
		84262FB828CF7F9A0065E6D0 /* SearchViewController.swift */ = {isa = PBXFileReference; lastKnownFileType = sourcecode.swift; path = SearchViewController.swift; sourceTree = "<group>"; };
		84262FBB28CF80AD0065E6D0 /* NetworkManager.swift */ = {isa = PBXFileReference; lastKnownFileType = sourcecode.swift; path = NetworkManager.swift; sourceTree = "<group>"; };
		84262FBD28CF83D90065E6D0 /* Model.swift */ = {isa = PBXFileReference; lastKnownFileType = sourcecode.swift; path = Model.swift; sourceTree = "<group>"; };
		84262FBF28D08AD90065E6D0 /* ApiResponse.swift */ = {isa = PBXFileReference; lastKnownFileType = sourcecode.swift; path = ApiResponse.swift; sourceTree = "<group>"; };
		84262FC228D0CC0D0065E6D0 /* UserDefaults+Extension.swift */ = {isa = PBXFileReference; lastKnownFileType = sourcecode.swift; path = "UserDefaults+Extension.swift"; sourceTree = "<group>"; };
		84262FC428D0D38C0065E6D0 /* UIViewController+Extension.swift */ = {isa = PBXFileReference; lastKnownFileType = sourcecode.swift; path = "UIViewController+Extension.swift"; sourceTree = "<group>"; };
/* End PBXFileReference section */

/* Begin PBXFrameworksBuildPhase section */
		84262F9B28CF4A5B0065E6D0 /* Frameworks */ = {
			isa = PBXFrameworksBuildPhase;
			buildActionMask = 2147483647;
			files = (
			);
			runOnlyForDeploymentPostprocessing = 0;
		};
/* End PBXFrameworksBuildPhase section */

/* Begin PBXGroup section */
		84262F9528CF4A5B0065E6D0 = {
			isa = PBXGroup;
			children = (
				84262FA028CF4A5B0065E6D0 /* utCoin */,
				84262F9F28CF4A5B0065E6D0 /* Products */,
			);
			sourceTree = "<group>";
		};
		84262F9F28CF4A5B0065E6D0 /* Products */ = {
			isa = PBXGroup;
			children = (
				84262F9E28CF4A5B0065E6D0 /* utCoin.app */,
			);
			name = Products;
			sourceTree = "<group>";
		};
		84262FA028CF4A5B0065E6D0 /* utCoin */ = {
			isa = PBXGroup;
			children = (
				84262FA128CF4A5B0065E6D0 /* AppDelegate.swift */,
				84262FA328CF4A5B0065E6D0 /* SceneDelegate.swift */,
				84262FC628D0D3920065E6D0 /* Extensions */,
				84262FBD28CF83D90065E6D0 /* Model.swift */,
				84262FC128D0990B0065E6D0 /* Manager */,
				84262FBA28CF801F0065E6D0 /* ViewControllers */,
				84262FA728CF4A5B0065E6D0 /* Main.storyboard */,
				84262FAA28CF4A5D0065E6D0 /* Assets.xcassets */,
				84262FAC28CF4A5D0065E6D0 /* LaunchScreen.storyboard */,
				84262FAF28CF4A5D0065E6D0 /* Info.plist */,
			);
			path = utCoin;
			sourceTree = "<group>";
		};
		84262FBA28CF801F0065E6D0 /* ViewControllers */ = {
			isa = PBXGroup;
			children = (
				84262FA528CF4A5B0065E6D0 /* InputPhoneViewController.swift */,
				84262FB628CF64C70065E6D0 /* ValidatePhoneViewController.swift */,
				84262FB828CF7F9A0065E6D0 /* SearchViewController.swift */,
			);
			path = ViewControllers;
			sourceTree = "<group>";
		};
		84262FC128D0990B0065E6D0 /* Manager */ = {
			isa = PBXGroup;
			children = (
				84262FBB28CF80AD0065E6D0 /* NetworkManager.swift */,
				84262FBF28D08AD90065E6D0 /* ApiResponse.swift */,
			);
			path = Manager;
			sourceTree = "<group>";
		};
		84262FC628D0D3920065E6D0 /* Extensions */ = {
			isa = PBXGroup;
			children = (
				84262FC228D0CC0D0065E6D0 /* UserDefaults+Extension.swift */,
				84262FC428D0D38C0065E6D0 /* UIViewController+Extension.swift */,
			);
			path = Extensions;
			sourceTree = "<group>";
		};
/* End PBXGroup section */

/* Begin PBXNativeTarget section */
		84262F9D28CF4A5B0065E6D0 /* utCoin */ = {
			isa = PBXNativeTarget;
			buildConfigurationList = 84262FB228CF4A5D0065E6D0 /* Build configuration list for PBXNativeTarget "utCoin" */;
			buildPhases = (
				84262F9A28CF4A5B0065E6D0 /* Sources */,
				84262F9B28CF4A5B0065E6D0 /* Frameworks */,
				84262F9C28CF4A5B0065E6D0 /* Resources */,
			);
			buildRules = (
			);
			dependencies = (
			);
			name = utCoin;
			productName = utCoin;
			productReference = 84262F9E28CF4A5B0065E6D0 /* utCoin.app */;
			productType = "com.apple.product-type.application";
		};
/* End PBXNativeTarget section */

/* Begin PBXProject section */
		84262F9628CF4A5B0065E6D0 /* Project object */ = {
			isa = PBXProject;
			attributes = {
				BuildIndependentTargetsInParallel = 1;
				LastSwiftUpdateCheck = 1340;
				LastUpgradeCheck = 1340;
				TargetAttributes = {
					84262F9D28CF4A5B0065E6D0 = {
						CreatedOnToolsVersion = 13.4.1;
					};
				};
			};
			buildConfigurationList = 84262F9928CF4A5B0065E6D0 /* Build configuration list for PBXProject "utCoin" */;
			compatibilityVersion = "Xcode 13.0";
			developmentRegion = en;
			hasScannedForEncodings = 0;
			knownRegions = (
				en,
				Base,
			);
			mainGroup = 84262F9528CF4A5B0065E6D0;
			productRefGroup = 84262F9F28CF4A5B0065E6D0 /* Products */;
			projectDirPath = "";
			projectRoot = "";
			targets = (
				84262F9D28CF4A5B0065E6D0 /* utCoin */,
			);
		};
/* End PBXProject section */

/* Begin PBXResourcesBuildPhase section */
		84262F9C28CF4A5B0065E6D0 /* Resources */ = {
			isa = PBXResourcesBuildPhase;
			buildActionMask = 2147483647;
			files = (
				84262FAE28CF4A5D0065E6D0 /* LaunchScreen.storyboard in Resources */,
				84262FAB28CF4A5D0065E6D0 /* Assets.xcassets in Resources */,
				84262FA928CF4A5B0065E6D0 /* Main.storyboard in Resources */,
			);
			runOnlyForDeploymentPostprocessing = 0;
		};
/* End PBXResourcesBuildPhase section */

/* Begin PBXSourcesBuildPhase section */
		84262F9A28CF4A5B0065E6D0 /* Sources */ = {
			isa = PBXSourcesBuildPhase;
			buildActionMask = 2147483647;
			files = (
				84262FBE28CF83D90065E6D0 /* Model.swift in Sources */,
				84262FBC28CF80AD0065E6D0 /* NetworkManager.swift in Sources */,
				84262FB928CF7F9A0065E6D0 /* SearchViewController.swift in Sources */,
				84262FA628CF4A5B0065E6D0 /* InputPhoneViewController.swift in Sources */,
				84262FB728CF64C70065E6D0 /* ValidatePhoneViewController.swift in Sources */,
				84262FC028D08AD90065E6D0 /* ApiResponse.swift in Sources */,
				84262FA228CF4A5B0065E6D0 /* AppDelegate.swift in Sources */,
				84262FC328D0CC0D0065E6D0 /* UserDefaults+Extension.swift in Sources */,
				84262FC528D0D38C0065E6D0 /* UIViewController+Extension.swift in Sources */,
				84262FA428CF4A5B0065E6D0 /* SceneDelegate.swift in Sources */,
			);
			runOnlyForDeploymentPostprocessing = 0;
		};
/* End PBXSourcesBuildPhase section */

/* Begin PBXVariantGroup section */
		84262FA728CF4A5B0065E6D0 /* Main.storyboard */ = {
			isa = PBXVariantGroup;
			children = (
				84262FA828CF4A5B0065E6D0 /* Base */,
			);
			name = Main.storyboard;
			sourceTree = "<group>";
		};
		84262FAC28CF4A5D0065E6D0 /* LaunchScreen.storyboard */ = {
			isa = PBXVariantGroup;
			children = (
				84262FAD28CF4A5D0065E6D0 /* Base */,
			);
			name = LaunchScreen.storyboard;
			sourceTree = "<group>";
		};
/* End PBXVariantGroup section */

/* Begin XCBuildConfiguration section */
		84262FB028CF4A5D0065E6D0 /* Debug */ = {
			isa = XCBuildConfiguration;
			buildSettings = {
				ALWAYS_SEARCH_USER_PATHS = NO;
				CLANG_ANALYZER_NONNULL = YES;
				CLANG_ANALYZER_NUMBER_OBJECT_CONVERSION = YES_AGGRESSIVE;
				CLANG_CXX_LANGUAGE_STANDARD = "gnu++17";
				CLANG_ENABLE_MODULES = YES;
				CLANG_ENABLE_OBJC_ARC = YES;
				CLANG_ENABLE_OBJC_WEAK = YES;
				CLANG_WARN_BLOCK_CAPTURE_AUTORELEASING = YES;
				CLANG_WARN_BOOL_CONVERSION = YES;
				CLANG_WARN_COMMA = YES;
				CLANG_WARN_CONSTANT_CONVERSION = YES;
				CLANG_WARN_DEPRECATED_OBJC_IMPLEMENTATIONS = YES;
				CLANG_WARN_DIRECT_OBJC_ISA_USAGE = YES_ERROR;
				CLANG_WARN_DOCUMENTATION_COMMENTS = YES;
				CLANG_WARN_EMPTY_BODY = YES;
				CLANG_WARN_ENUM_CONVERSION = YES;
				CLANG_WARN_INFINITE_RECURSION = YES;
				CLANG_WARN_INT_CONVERSION = YES;
				CLANG_WARN_NON_LITERAL_NULL_CONVERSION = YES;
				CLANG_WARN_OBJC_IMPLICIT_RETAIN_SELF = YES;
				CLANG_WARN_OBJC_LITERAL_CONVERSION = YES;
				CLANG_WARN_OBJC_ROOT_CLASS = YES_ERROR;
				CLANG_WARN_QUOTED_INCLUDE_IN_FRAMEWORK_HEADER = YES;
				CLANG_WARN_RANGE_LOOP_ANALYSIS = YES;
				CLANG_WARN_STRICT_PROTOTYPES = YES;
				CLANG_WARN_SUSPICIOUS_MOVE = YES;
				CLANG_WARN_UNGUARDED_AVAILABILITY = YES_AGGRESSIVE;
				CLANG_WARN_UNREACHABLE_CODE = YES;
				CLANG_WARN__DUPLICATE_METHOD_MATCH = YES;
				COPY_PHASE_STRIP = NO;
				DEBUG_INFORMATION_FORMAT = dwarf;
				ENABLE_STRICT_OBJC_MSGSEND = YES;
				ENABLE_TESTABILITY = YES;
				GCC_C_LANGUAGE_STANDARD = gnu11;
				GCC_DYNAMIC_NO_PIC = NO;
				GCC_NO_COMMON_BLOCKS = YES;
				GCC_OPTIMIZATION_LEVEL = 0;
				GCC_PREPROCESSOR_DEFINITIONS = (
					"DEBUG=1",
					"$(inherited)",
				);
				GCC_WARN_64_TO_32_BIT_CONVERSION = YES;
				GCC_WARN_ABOUT_RETURN_TYPE = YES_ERROR;
				GCC_WARN_UNDECLARED_SELECTOR = YES;
				GCC_WARN_UNINITIALIZED_AUTOS = YES_AGGRESSIVE;
				GCC_WARN_UNUSED_FUNCTION = YES;
				GCC_WARN_UNUSED_VARIABLE = YES;
				IPHONEOS_DEPLOYMENT_TARGET = 15.5;
				MTL_ENABLE_DEBUG_INFO = INCLUDE_SOURCE;
				MTL_FAST_MATH = YES;
				ONLY_ACTIVE_ARCH = YES;
				SDKROOT = iphoneos;
				SWIFT_ACTIVE_COMPILATION_CONDITIONS = DEBUG;
				SWIFT_OPTIMIZATION_LEVEL = "-Onone";
			};
			name = Debug;
		};
		84262FB128CF4A5D0065E6D0 /* Release */ = {
			isa = XCBuildConfiguration;
			buildSettings = {
				ALWAYS_SEARCH_USER_PATHS = NO;
				CLANG_ANALYZER_NONNULL = YES;
				CLANG_ANALYZER_NUMBER_OBJECT_CONVERSION = YES_AGGRESSIVE;
				CLANG_CXX_LANGUAGE_STANDARD = "gnu++17";
				CLANG_ENABLE_MODULES = YES;
				CLANG_ENABLE_OBJC_ARC = YES;
				CLANG_ENABLE_OBJC_WEAK = YES;
				CLANG_WARN_BLOCK_CAPTURE_AUTORELEASING = YES;
				CLANG_WARN_BOOL_CONVERSION = YES;
				CLANG_WARN_COMMA = YES;
				CLANG_WARN_CONSTANT_CONVERSION = YES;
				CLANG_WARN_DEPRECATED_OBJC_IMPLEMENTATIONS = YES;
				CLANG_WARN_DIRECT_OBJC_ISA_USAGE = YES_ERROR;
				CLANG_WARN_DOCUMENTATION_COMMENTS = YES;
				CLANG_WARN_EMPTY_BODY = YES;
				CLANG_WARN_ENUM_CONVERSION = YES;
				CLANG_WARN_INFINITE_RECURSION = YES;
				CLANG_WARN_INT_CONVERSION = YES;
				CLANG_WARN_NON_LITERAL_NULL_CONVERSION = YES;
				CLANG_WARN_OBJC_IMPLICIT_RETAIN_SELF = YES;
				CLANG_WARN_OBJC_LITERAL_CONVERSION = YES;
				CLANG_WARN_OBJC_ROOT_CLASS = YES_ERROR;
				CLANG_WARN_QUOTED_INCLUDE_IN_FRAMEWORK_HEADER = YES;
				CLANG_WARN_RANGE_LOOP_ANALYSIS = YES;
				CLANG_WARN_STRICT_PROTOTYPES = YES;
				CLANG_WARN_SUSPICIOUS_MOVE = YES;
				CLANG_WARN_UNGUARDED_AVAILABILITY = YES_AGGRESSIVE;
				CLANG_WARN_UNREACHABLE_CODE = YES;
				CLANG_WARN__DUPLICATE_METHOD_MATCH = YES;
				COPY_PHASE_STRIP = NO;
				DEBUG_INFORMATION_FORMAT = "dwarf-with-dsym";
				ENABLE_NS_ASSERTIONS = NO;
				ENABLE_STRICT_OBJC_MSGSEND = YES;
				GCC_C_LANGUAGE_STANDARD = gnu11;
				GCC_NO_COMMON_BLOCKS = YES;
				GCC_WARN_64_TO_32_BIT_CONVERSION = YES;
				GCC_WARN_ABOUT_RETURN_TYPE = YES_ERROR;
				GCC_WARN_UNDECLARED_SELECTOR = YES;
				GCC_WARN_UNINITIALIZED_AUTOS = YES_AGGRESSIVE;
				GCC_WARN_UNUSED_FUNCTION = YES;
				GCC_WARN_UNUSED_VARIABLE = YES;
				IPHONEOS_DEPLOYMENT_TARGET = 15.5;
				MTL_ENABLE_DEBUG_INFO = NO;
				MTL_FAST_MATH = YES;
				SDKROOT = iphoneos;
				SWIFT_COMPILATION_MODE = wholemodule;
				SWIFT_OPTIMIZATION_LEVEL = "-O";
				VALIDATE_PRODUCT = YES;
			};
			name = Release;
		};
		84262FB328CF4A5D0065E6D0 /* Debug */ = {
			isa = XCBuildConfiguration;
			buildSettings = {
				ASSETCATALOG_COMPILER_APPICON_NAME = AppIcon;
				ASSETCATALOG_COMPILER_GLOBAL_ACCENT_COLOR_NAME = AccentColor;
				CODE_SIGN_STYLE = Automatic;
				CURRENT_PROJECT_VERSION = 1;
				DEVELOPMENT_TEAM = 9Y94J8V38R;
				GENERATE_INFOPLIST_FILE = YES;
				INFOPLIST_FILE = utCoin/Info.plist;
				INFOPLIST_KEY_UIApplicationSupportsIndirectInputEvents = YES;
				INFOPLIST_KEY_UILaunchStoryboardName = LaunchScreen;
				INFOPLIST_KEY_UIMainStoryboardFile = Main;
				INFOPLIST_KEY_UISupportedInterfaceOrientations_iPad = "UIInterfaceOrientationPortrait UIInterfaceOrientationPortraitUpsideDown UIInterfaceOrientationLandscapeLeft UIInterfaceOrientationLandscapeRight";
				INFOPLIST_KEY_UISupportedInterfaceOrientations_iPhone = "UIInterfaceOrientationPortrait UIInterfaceOrientationLandscapeLeft UIInterfaceOrientationLandscapeRight";
				LD_RUNPATH_SEARCH_PATHS = (
					"$(inherited)",
					"@executable_path/Frameworks",
				);
				MARKETING_VERSION = 1.0;
				PRODUCT_BUNDLE_IDENTIFIER = com.AlelsandrVorobey.utCoin;
				PRODUCT_NAME = "$(TARGET_NAME)";
				SWIFT_EMIT_LOC_STRINGS = YES;
				SWIFT_VERSION = 5.0;
				TARGETED_DEVICE_FAMILY = "1,2";
			};
			name = Debug;
		};
		84262FB428CF4A5D0065E6D0 /* Release */ = {
			isa = XCBuildConfiguration;
			buildSettings = {
				ASSETCATALOG_COMPILER_APPICON_NAME = AppIcon;
				ASSETCATALOG_COMPILER_GLOBAL_ACCENT_COLOR_NAME = AccentColor;
				CODE_SIGN_STYLE = Automatic;
				CURRENT_PROJECT_VERSION = 1;
				DEVELOPMENT_TEAM = 9Y94J8V38R;
				GENERATE_INFOPLIST_FILE = YES;
				INFOPLIST_FILE = utCoin/Info.plist;
				INFOPLIST_KEY_UIApplicationSupportsIndirectInputEvents = YES;
				INFOPLIST_KEY_UILaunchStoryboardName = LaunchScreen;
				INFOPLIST_KEY_UIMainStoryboardFile = Main;
				INFOPLIST_KEY_UISupportedInterfaceOrientations_iPad = "UIInterfaceOrientationPortrait UIInterfaceOrientationPortraitUpsideDown UIInterfaceOrientationLandscapeLeft UIInterfaceOrientationLandscapeRight";
				INFOPLIST_KEY_UISupportedInterfaceOrientations_iPhone = "UIInterfaceOrientationPortrait UIInterfaceOrientationLandscapeLeft UIInterfaceOrientationLandscapeRight";
				LD_RUNPATH_SEARCH_PATHS = (
					"$(inherited)",
					"@executable_path/Frameworks",
				);
				MARKETING_VERSION = 1.0;
				PRODUCT_BUNDLE_IDENTIFIER = com.AlelsandrVorobey.utCoin;
				PRODUCT_NAME = "$(TARGET_NAME)";
				SWIFT_EMIT_LOC_STRINGS = YES;
				SWIFT_VERSION = 5.0;
				TARGETED_DEVICE_FAMILY = "1,2";
			};
			name = Release;
		};
/* End XCBuildConfiguration section */

/* Begin XCConfigurationList section */
		84262F9928CF4A5B0065E6D0 /* Build configuration list for PBXProject "utCoin" */ = {
			isa = XCConfigurationList;
			buildConfigurations = (
				84262FB028CF4A5D0065E6D0 /* Debug */,
				84262FB128CF4A5D0065E6D0 /* Release */,
			);
			defaultConfigurationIsVisible = 0;
			defaultConfigurationName = Release;
		};
		84262FB228CF4A5D0065E6D0 /* Build configuration list for PBXNativeTarget "utCoin" */ = {
			isa = XCConfigurationList;
			buildConfigurations = (
				84262FB328CF4A5D0065E6D0 /* Debug */,
				84262FB428CF4A5D0065E6D0 /* Release */,
			);
			defaultConfigurationIsVisible = 0;
			defaultConfigurationName = Release;
		};
/* End XCConfigurationList section */
	};
	rootObject = 84262F9628CF4A5B0065E6D0 /* Project object */;
}
